
Microsoft Visual Studio Solution File, Format Version 12.00
# Visual Studio 15
VisualStudioVersion = 15.0.28010.2046
MinimumVisualStudioVersion = 10.0.40219.1
Project("{FAE04EC0-301F-11D3-BF4B-00C04F79EFBC}") = "PartyInvites", "PartyInvites\PartyInvites.csproj", "{C48194BB-4CB6-449E-9668-AC71D3021C0D}"
EndProject
Global
	GlobalSection(SolutionConfigurationPlatforms) = preSolution
		Debug|Any CPU = Debug|Any CPU
		Release|Any CPU = Release|Any CPU
	EndGlobalSection
	GlobalSection(ProjectConfigurationPlatforms) = postSolution
		{C48194BB-4CB6-449E-9668-AC71D3021C0D}.Debug|Any CPU.ActiveCfg = Debug|Any CPU
		{C48194BB-4CB6-449E-9668-AC71D3021C0D}.Debug|Any CPU.Build.0 = Debug|Any CPU
		{C48194BB-4CB6-449E-9668-AC71D3021C0D}.Release|Any CPU.ActiveCfg = Release|Any CPU
		{C48194BB-4CB6-449E-9668-AC71D3021C0D}.Release|Any CPU.Build.0 = Release|Any CPU
	EndGlobalSection
	GlobalSection(SolutionProperties) = preSolution
		HideSolutionNode = FALSE
	EndGlobalSection
	GlobalSection(ExtensibilityGlobals) = postSolution
		SolutionGuid = {423D2CC6-753F-4349-A35B-5F2697068C04}
	EndGlobalSection
EndGlobal
